
Microsoft Visual Studio Solution File, Format Version 12.00
# Visual Studio 15
Project("{FAE04EC0-301F-11D3-BF4B-00C04F79EFBC}") = "CarAi(0)", "CarAi(0).csproj", "{F31BDE46-EA32-16AE-FC7B-CEC3817E3494}"
EndProject
Project("{FAE04EC0-301F-11D3-BF4B-00C04F79EFBC}") = "CarAi(0).Plugins", "CarAi(0).Plugins.csproj", "{22A8FFF3-9EC5-AC1C-BBCC-DABC3C27FB9C}"
EndProject
Project("{FAE04EC0-301F-11D3-BF4B-00C04F79EFBC}") = "CarAi(0).Editor.Plugins", "CarAi(0).Editor.Plugins.csproj", "{4D6D40D3-D2BB-5935-D953-D557642D8DE0}"
EndProject
Global
	GlobalSection(SolutionConfigurationPlatforms) = preSolution
		Debug|Any CPU = Debug|Any CPU
		Release|Any CPU = Release|Any CPU
	EndGlobalSection
	GlobalSection(ProjectConfigurationPlatforms) = postSolution
		{F31BDE46-EA32-16AE-FC7B-CEC3817E3494}.Debug|Any CPU.ActiveCfg = Debug|Any CPU
		{F31BDE46-EA32-16AE-FC7B-CEC3817E3494}.Debug|Any CPU.Build.0 = Debug|Any CPU
		{F31BDE46-EA32-16AE-FC7B-CEC3817E3494}.Release|Any CPU.ActiveCfg = Release|Any CPU
		{F31BDE46-EA32-16AE-FC7B-CEC3817E3494}.Release|Any CPU.Build.0 = Release|Any CPU
		{22A8FFF3-9EC5-AC1C-BBCC-DABC3C27FB9C}.Debug|Any CPU.ActiveCfg = Debug|Any CPU
		{22A8FFF3-9EC5-AC1C-BBCC-DABC3C27FB9C}.Debug|Any CPU.Build.0 = Debug|Any CPU
		{22A8FFF3-9EC5-AC1C-BBCC-DABC3C27FB9C}.Release|Any CPU.ActiveCfg = Release|Any CPU
		{22A8FFF3-9EC5-AC1C-BBCC-DABC3C27FB9C}.Release|Any CPU.Build.0 = Release|Any CPU
		{4D6D40D3-D2BB-5935-D953-D557642D8DE0}.Debug|Any CPU.ActiveCfg = Debug|Any CPU
		{4D6D40D3-D2BB-5935-D953-D557642D8DE0}.Debug|Any CPU.Build.0 = Debug|Any CPU
		{4D6D40D3-D2BB-5935-D953-D557642D8DE0}.Release|Any CPU.ActiveCfg = Release|Any CPU
		{4D6D40D3-D2BB-5935-D953-D557642D8DE0}.Release|Any CPU.Build.0 = Release|Any CPU
	EndGlobalSection
	GlobalSection(SolutionProperties) = preSolution
		HideSolutionNode = FALSE
	EndGlobalSection
EndGlobal
